
Microsoft Visual Studio Solution File, Format Version 12.00
# Visual Studio Version 17
VisualStudioVersion = 17.3.32922.545
MinimumVisualStudioVersion = 10.0.40219.1
Project("{9A19103F-16F7-4668-BE54-9A1E7A4F7556}") = "WhoWantsToBeAMillionaire.App", "WhoWantsToBeAMillionaire.App\WhoWantsToBeAMillionaire.App.csproj", "{6B341992-1A3B-4CB0-BE98-AF727D686216}"
EndProject
Project("{9A19103F-16F7-4668-BE54-9A1E7A4F7556}") = "WhoWantsToBeAMillionaire.Data", "WhoWantsToBeAMillionaire.Data\WhoWantsToBeAMillionaire.Data.csproj", "{770D5E30-91B4-406A-9880-F7AED5EC6A41}"
EndProject
Project("{9A19103F-16F7-4668-BE54-9A1E7A4F7556}") = "WhoWantsToBeAMillionaire.Core", "WhoWantsToBeAMillionaire.Core\WhoWantsToBeAMillionaire.Core.csproj", "{1FBC23E9-B029-4DC6-B50C-8446C1A97D6F}"
EndProject
Project("{FAE04EC0-301F-11D3-BF4B-00C04F79EFBC}") = "WhoWantsToBeAMillionaire.UnitTest", "WhoWantsToBeAMillionaire.UnitTest\WhoWantsToBeAMillionaire.UnitTest.csproj", "{44B17D6C-79F3-4819-A65C-5CDDBEDE450B}"
EndProject
Global
	GlobalSection(SolutionConfigurationPlatforms) = preSolution
		Debug|Any CPU = Debug|Any CPU
		Debug|x64 = Debug|x64
		Release|Any CPU = Release|Any CPU
		Release|x64 = Release|x64
	EndGlobalSection
	GlobalSection(ProjectConfigurationPlatforms) = postSolution
		{6B341992-1A3B-4CB0-BE98-AF727D686216}.Debug|Any CPU.ActiveCfg = Debug|x64
		{6B341992-1A3B-4CB0-BE98-AF727D686216}.Debug|Any CPU.Build.0 = Debug|x64
		{6B341992-1A3B-4CB0-BE98-AF727D686216}.Debug|x64.ActiveCfg = Debug|x64
		{6B341992-1A3B-4CB0-BE98-AF727D686216}.Debug|x64.Build.0 = Debug|x64
		{6B341992-1A3B-4CB0-BE98-AF727D686216}.Release|Any CPU.ActiveCfg = Release|Any CPU
		{6B341992-1A3B-4CB0-BE98-AF727D686216}.Release|Any CPU.Build.0 = Release|Any CPU
		{6B341992-1A3B-4CB0-BE98-AF727D686216}.Release|x64.ActiveCfg = Release|Any CPU
		{6B341992-1A3B-4CB0-BE98-AF727D686216}.Release|x64.Build.0 = Release|Any CPU
		{770D5E30-91B4-406A-9880-F7AED5EC6A41}.Debug|Any CPU.ActiveCfg = Debug|Any CPU
		{770D5E30-91B4-406A-9880-F7AED5EC6A41}.Debug|Any CPU.Build.0 = Debug|Any CPU
		{770D5E30-91B4-406A-9880-F7AED5EC6A41}.Debug|x64.ActiveCfg = Debug|Any CPU
		{770D5E30-91B4-406A-9880-F7AED5EC6A41}.Debug|x64.Build.0 = Debug|Any CPU
		{770D5E30-91B4-406A-9880-F7AED5EC6A41}.Release|Any CPU.ActiveCfg = Release|Any CPU
		{770D5E30-91B4-406A-9880-F7AED5EC6A41}.Release|Any CPU.Build.0 = Release|Any CPU
		{770D5E30-91B4-406A-9880-F7AED5EC6A41}.Release|x64.ActiveCfg = Release|Any CPU
		{770D5E30-91B4-406A-9880-F7AED5EC6A41}.Release|x64.Build.0 = Release|Any CPU
		{1FBC23E9-B029-4DC6-B50C-8446C1A97D6F}.Debug|Any CPU.ActiveCfg = Debug|Any CPU
		{1FBC23E9-B029-4DC6-B50C-8446C1A97D6F}.Debug|Any CPU.Build.0 = Debug|Any CPU
		{1FBC23E9-B029-4DC6-B50C-8446C1A97D6F}.Debug|x64.ActiveCfg = Debug|Any CPU
		{1FBC23E9-B029-4DC6-B50C-8446C1A97D6F}.Debug|x64.Build.0 = Debug|Any CPU
		{1FBC23E9-B029-4DC6-B50C-8446C1A97D6F}.Release|Any CPU.ActiveCfg = Release|Any CPU
		{1FBC23E9-B029-4DC6-B50C-8446C1A97D6F}.Release|Any CPU.Build.0 = Release|Any CPU
		{1FBC23E9-B029-4DC6-B50C-8446C1A97D6F}.Release|x64.ActiveCfg = Release|Any CPU
		{1FBC23E9-B029-4DC6-B50C-8446C1A97D6F}.Release|x64.Build.0 = Release|Any CPU
		{44B17D6C-79F3-4819-A65C-5CDDBEDE450B}.Debug|Any CPU.ActiveCfg = Debug|Any CPU
		{44B17D6C-79F3-4819-A65C-5CDDBEDE450B}.Debug|Any CPU.Build.0 = Debug|Any CPU
		{44B17D6C-79F3-4819-A65C-5CDDBEDE450B}.Debug|x64.ActiveCfg = Debug|Any CPU
		{44B17D6C-79F3-4819-A65C-5CDDBEDE450B}.Debug|x64.Build.0 = Debug|Any CPU
		{44B17D6C-79F3-4819-A65C-5CDDBEDE450B}.Release|Any CPU.ActiveCfg = Release|Any CPU
		{44B17D6C-79F3-4819-A65C-5CDDBEDE450B}.Release|Any CPU.Build.0 = Release|Any CPU
		{44B17D6C-79F3-4819-A65C-5CDDBEDE450B}.Release|x64.ActiveCfg = Release|Any CPU
		{44B17D6C-79F3-4819-A65C-5CDDBEDE450B}.Release|x64.Build.0 = Release|Any CPU
	EndGlobalSection
	GlobalSection(SolutionProperties) = preSolution
		HideSolutionNode = FALSE
	EndGlobalSection
	GlobalSection(ExtensibilityGlobals) = postSolution
		SolutionGuid = {A81E0065-DDF1-48FE-A8B6-EB7AC18858A7}
	EndGlobalSection
EndGlobal
