
Microsoft Visual Studio Solution File, Format Version 12.00
# Visual Studio Version 17
VisualStudioVersion = 17.3.32922.545
MinimumVisualStudioVersion = 10.0.40219.1
Project("{9A19103F-16F7-4668-BE54-9A1E7A4F7556}") = "WhoWantsToBeAMillionaire.App", "WhoWantsToBeAMillionaire.App\WhoWantsToBeAMillionaire.App.csproj", "{6B341992-1A3B-4CB0-BE98-AF727D686216}"
EndProject
Global
	GlobalSection(SolutionConfigurationPlatforms) = preSolution
		Debug|x64 = Debug|x64
		Release|x64 = Release|x64
	EndGlobalSection
	GlobalSection(ProjectConfigurationPlatforms) = postSolution
		{6B341992-1A3B-4CB0-BE98-AF727D686216}.Debug|x64.ActiveCfg = Debug|x64
		{6B341992-1A3B-4CB0-BE98-AF727D686216}.Debug|x64.Build.0 = Debug|x64
		{6B341992-1A3B-4CB0-BE98-AF727D686216}.Release|x64.ActiveCfg = Release|Any CPU
		{6B341992-1A3B-4CB0-BE98-AF727D686216}.Release|x64.Build.0 = Release|Any CPU
	EndGlobalSection
	GlobalSection(SolutionProperties) = preSolution
		HideSolutionNode = FALSE
	EndGlobalSection
	GlobalSection(ExtensibilityGlobals) = postSolution
		SolutionGuid = {A81E0065-DDF1-48FE-A8B6-EB7AC18858A7}
	EndGlobalSection
EndGlobal
